// !$*UTF8*$!
{
	archiveVersion = 1;
	classes = {
	};
	objectVersion = 52;
	objects = {

/* Begin PBXBuildFile section */
		1A318F9127131A4D00ADF60E /* UsedWritingViewModel.swift in Sources */ = {isa = PBXBuildFile; fileRef = 1A318F9027131A4C00ADF60E /* UsedWritingViewModel.swift */; };
		1A572DDB270B6496009E2465 /* ItemInfoView.swift in Sources */ = {isa = PBXBuildFile; fileRef = 1A572DDA270B6496009E2465 /* ItemInfoView.swift */; };
		1A572DDD270B6629009E2465 /* ItemInfoViewModel.swift in Sources */ = {isa = PBXBuildFile; fileRef = 1A572DDC270B6629009E2465 /* ItemInfoViewModel.swift */; };
		1A572DDF270B679E009E2465 /* ItemInfo+ResponseData.swift in Sources */ = {isa = PBXBuildFile; fileRef = 1A572DDE270B679E009E2465 /* ItemInfo+ResponseData.swift */; };
		1A572E0B270ECDC6009E2465 /* SlideViewModel.swift in Sources */ = {isa = PBXBuildFile; fileRef = 1A572E0A270ECDC5009E2465 /* SlideViewModel.swift */; };
		1A98ADB52715D4E70093D519 /* String+Extension.swift in Sources */ = {isa = PBXBuildFile; fileRef = 1A98ADB42715D4E70093D519 /* String+Extension.swift */; };
		1AA8B40D26F32AF500C28E02 /* Bridge_iOSApp.swift in Sources */ = {isa = PBXBuildFile; fileRef = 1AA8B40C26F32AF500C28E02 /* Bridge_iOSApp.swift */; };
		1AA8B40F26F32AF500C28E02 /* TabContainer.swift in Sources */ = {isa = PBXBuildFile; fileRef = 1AA8B40E26F32AF500C28E02 /* TabContainer.swift */; };
		1AA8B41126F32AF800C28E02 /* Assets.xcassets in Resources */ = {isa = PBXBuildFile; fileRef = 1AA8B41026F32AF800C28E02 /* Assets.xcassets */; };
		1AA8B41426F32AF800C28E02 /* Preview Assets.xcassets in Resources */ = {isa = PBXBuildFile; fileRef = 1AA8B41326F32AF800C28E02 /* Preview Assets.xcassets */; };
		1AA8B41D26F32E7E00C28E02 /* HomeView.swift in Sources */ = {isa = PBXBuildFile; fileRef = 1AA8B41C26F32E7D00C28E02 /* HomeView.swift */; };
		1AA8B42126F32F1600C28E02 /* WritingView.swift in Sources */ = {isa = PBXBuildFile; fileRef = 1AA8B42026F32F1600C28E02 /* WritingView.swift */; };
		1AA8B42326F32FB900C28E02 /* BoardView.swift in Sources */ = {isa = PBXBuildFile; fileRef = 1AA8B42226F32FB900C28E02 /* BoardView.swift */; };
		1AA8B42526F3417400C28E02 /* LandingView.swift in Sources */ = {isa = PBXBuildFile; fileRef = 1AA8B42426F3417400C28E02 /* LandingView.swift */; };
		1AA8B42826F3485900C28E02 /* Color+Extension.swift in Sources */ = {isa = PBXBuildFile; fileRef = 1AA8B42726F3485900C28E02 /* Color+Extension.swift */; };
		1AA8B42A26F348F100C28E02 /* SignUpView.swift in Sources */ = {isa = PBXBuildFile; fileRef = 1AA8B42926F348F100C28E02 /* SignUpView.swift */; };
		1AA8B42C26F3521B00C28E02 /* SignInView.swift in Sources */ = {isa = PBXBuildFile; fileRef = 1AA8B42B26F3521B00C28E02 /* SignInView.swift */; };
		1AA8B42E26F3598600C28E02 /* SignViewTextFieldStyle.swift in Sources */ = {isa = PBXBuildFile; fileRef = 1AA8B42D26F3598600C28E02 /* SignViewTextFieldStyle.swift */; };
		1AA8B43226F35EF800C28E02 /* LocationPicker.swift in Sources */ = {isa = PBXBuildFile; fileRef = 1AA8B43126F35EF800C28E02 /* LocationPicker.swift */; };
		1AA8B43526F3688200C28E02 /* TabContainerViewModel.swift in Sources */ = {isa = PBXBuildFile; fileRef = 1AA8B43426F3688200C28E02 /* TabContainerViewModel.swift */; };
		1AA8B43726F370CF00C28E02 /* NotificationView.swift in Sources */ = {isa = PBXBuildFile; fileRef = 1AA8B43626F370CF00C28E02 /* NotificationView.swift */; };
		1ABDEA5326F3B9310031DF0B /* SubmitButtonStyle.swift in Sources */ = {isa = PBXBuildFile; fileRef = 1ABDEA5226F3B9310031DF0B /* SubmitButtonStyle.swift */; };
		1AD008652711F50B00CAAE5B /* UsedWritingView.swift in Sources */ = {isa = PBXBuildFile; fileRef = 1AD008642711F50B00CAAE5B /* UsedWritingView.swift */; };
		1ADD9DDC2703220F008342A7 /* SignInViewModel.swift in Sources */ = {isa = PBXBuildFile; fileRef = 1ADD9DDB2703220F008342A7 /* SignInViewModel.swift */; };
		1ADD9DDF27032237008342A7 /* Alamofire in Frameworks */ = {isa = PBXBuildFile; productRef = 1ADD9DDE27032237008342A7 /* Alamofire */; };
		1ADD9DE4270325CC008342A7 /* SignIn+ResponseData.swift in Sources */ = {isa = PBXBuildFile; fileRef = 1ADD9DE3270325CC008342A7 /* SignIn+ResponseData.swift */; };
		1ADD9DE627034B8A008342A7 /* HomeViewModel.swift in Sources */ = {isa = PBXBuildFile; fileRef = 1ADD9DE527034B8A008342A7 /* HomeViewModel.swift */; };
		1ADD9DE827034C63008342A7 /* Home+ResponseData.swift in Sources */ = {isa = PBXBuildFile; fileRef = 1ADD9DE727034C63008342A7 /* Home+ResponseData.swift */; };
		1ADD9DEB270363A1008342A7 /* URLImage in Frameworks */ = {isa = PBXBuildFile; productRef = 1ADD9DEA270363A1008342A7 /* URLImage */; };
		1ADD9DED270363A1008342A7 /* URLImageStore in Frameworks */ = {isa = PBXBuildFile; productRef = 1ADD9DEC270363A1008342A7 /* URLImageStore */; };
		1ADD9DEF27036BA6008342A7 /* ItemCardViewModel.swift in Sources */ = {isa = PBXBuildFile; fileRef = 1ADD9DEE27036BA6008342A7 /* ItemCardViewModel.swift */; };
		6D2B89D22713476A00319907 /* Board+ResponseData.swift in Sources */ = {isa = PBXBuildFile; fileRef = 6D2B89D12713476A00319907 /* Board+ResponseData.swift */; };
		6D2B89D42713477100319907 /* WantU+ResponseData.swift in Sources */ = {isa = PBXBuildFile; fileRef = 6D2B89D32713477100319907 /* WantU+ResponseData.swift */; };
		6D2B89D62713477700319907 /* Comment+ResponseData.swift in Sources */ = {isa = PBXBuildFile; fileRef = 6D2B89D52713477700319907 /* Comment+ResponseData.swift */; };
		6D2B89D82713477C00319907 /* PostInfo+ResponseData.swift in Sources */ = {isa = PBXBuildFile; fileRef = 6D2B89D72713477C00319907 /* PostInfo+ResponseData.swift */; };
		6D2B89DC271347D700319907 /* SpecialPostStyle.swift in Sources */ = {isa = PBXBuildFile; fileRef = 6D2B89D9271347D700319907 /* SpecialPostStyle.swift */; };
		6D2B89DD271347D700319907 /* CommentStyle.swift in Sources */ = {isa = PBXBuildFile; fileRef = 6D2B89DA271347D700319907 /* CommentStyle.swift */; };
		6D2B89DE271347D700319907 /* GeneralPostStyle.swift in Sources */ = {isa = PBXBuildFile; fileRef = 6D2B89DB271347D700319907 /* GeneralPostStyle.swift */; };
		6D2B89E02713493200319907 /* PostInfoView.swift in Sources */ = {isa = PBXBuildFile; fileRef = 6D2B89DF2713493200319907 /* PostInfoView.swift */; };
		6D2B89E7271349B200319907 /* PostInfoViewModel.swift in Sources */ = {isa = PBXBuildFile; fileRef = 6D2B89E1271349B200319907 /* PostInfoViewModel.swift */; };
		6D2B89E8271349B200319907 /* CommentViewModel.swift in Sources */ = {isa = PBXBuildFile; fileRef = 6D2B89E2271349B200319907 /* CommentViewModel.swift */; };
		6D2B89E9271349B200319907 /* GeneralPostViewModel.swift in Sources */ = {isa = PBXBuildFile; fileRef = 6D2B89E3271349B200319907 /* GeneralPostViewModel.swift */; };
		6D2B89EA271349B200319907 /* WanUInfoViewModel.swift in Sources */ = {isa = PBXBuildFile; fileRef = 6D2B89E4271349B200319907 /* WanUInfoViewModel.swift */; };
		6D2B89EB271349B200319907 /* WantUViewModel.swift in Sources */ = {isa = PBXBuildFile; fileRef = 6D2B89E5271349B200319907 /* WantUViewModel.swift */; };
		6D2B89EC271349B200319907 /* BoardViewModel.swift in Sources */ = {isa = PBXBuildFile; fileRef = 6D2B89E6271349B200319907 /* BoardViewModel.swift */; };
		6D2B89EE2714038C00319907 /* WantUInfo+ResponseData.swift in Sources */ = {isa = PBXBuildFile; fileRef = 6D2B89ED2714038C00319907 /* WantUInfo+ResponseData.swift */; };
		6D2B89F0271405CD00319907 /* WantUInfoView.swift in Sources */ = {isa = PBXBuildFile; fileRef = 6D2B89EF271405CD00319907 /* WantUInfoView.swift */; };
		6D6BA4ED26F57BB10008B25E /* ItemCardStyle.swift in Sources */ = {isa = PBXBuildFile; fileRef = 6D6BA4EC26F57BB10008B25E /* ItemCardStyle.swift */; };
		6D6BA4EF26F590F90008B25E /* ListHeader.swift in Sources */ = {isa = PBXBuildFile; fileRef = 6D6BA4EE26F590F90008B25E /* ListHeader.swift */; };
		6D6BA4F126F5A13A0008B25E /* SlideView.swift in Sources */ = {isa = PBXBuildFile; fileRef = 6D6BA4F026F5A13A0008B25E /* SlideView.swift */; };
		6DAD1F3B27041289006B01FC /* WritingViewModel.swift in Sources */ = {isa = PBXBuildFile; fileRef = 6DAD1F3A27041289006B01FC /* WritingViewModel.swift */; };
		6DAD1F3D270412D1006B01FC /* Writing+ResponseData.swift in Sources */ = {isa = PBXBuildFile; fileRef = 6DAD1F3C270412D1006B01FC /* Writing+ResponseData.swift */; };
		6DAD1F3F270AC04F006B01FC /* ImagePicker.swift in Sources */ = {isa = PBXBuildFile; fileRef = 6DAD1F3E270AC04F006B01FC /* ImagePicker.swift */; };
		6DAD1F5227102843006B01FC /* SignUp+ResponseData.swift in Sources */ = {isa = PBXBuildFile; fileRef = 6DAD1F5127102843006B01FC /* SignUp+ResponseData.swift */; };
		6DAD1F5427102873006B01FC /* SignUpViewModel.swift in Sources */ = {isa = PBXBuildFile; fileRef = 6DAD1F5327102873006B01FC /* SignUpViewModel.swift */; };
		6DAD1F5627102918006B01FC /* SignUpAppendixView.swift in Sources */ = {isa = PBXBuildFile; fileRef = 6DAD1F5527102918006B01FC /* SignUpAppendixView.swift */; };
		6DAD1F5A27102985006B01FC /* SignUpVerifyView.swift in Sources */ = {isa = PBXBuildFile; fileRef = 6DAD1F5927102985006B01FC /* SignUpVerifyView.swift */; };
/* End PBXBuildFile section */

/* Begin PBXFileReference section */
		1A318F9027131A4C00ADF60E /* UsedWritingViewModel.swift */ = {isa = PBXFileReference; lastKnownFileType = sourcecode.swift; path = UsedWritingViewModel.swift; sourceTree = "<group>"; };
		1A572DDA270B6496009E2465 /* ItemInfoView.swift */ = {isa = PBXFileReference; lastKnownFileType = sourcecode.swift; path = ItemInfoView.swift; sourceTree = "<group>"; };
		1A572DDC270B6629009E2465 /* ItemInfoViewModel.swift */ = {isa = PBXFileReference; lastKnownFileType = sourcecode.swift; path = ItemInfoViewModel.swift; sourceTree = "<group>"; };
		1A572DDE270B679E009E2465 /* ItemInfo+ResponseData.swift */ = {isa = PBXFileReference; lastKnownFileType = sourcecode.swift; path = "ItemInfo+ResponseData.swift"; sourceTree = "<group>"; };
		1A572E0A270ECDC5009E2465 /* SlideViewModel.swift */ = {isa = PBXFileReference; lastKnownFileType = sourcecode.swift; path = SlideViewModel.swift; sourceTree = "<group>"; };
		1A98ADB42715D4E70093D519 /* String+Extension.swift */ = {isa = PBXFileReference; lastKnownFileType = sourcecode.swift; path = "String+Extension.swift"; sourceTree = "<group>"; };
		1AA8B40926F32AF500C28E02 /* Bridge-iOS.app */ = {isa = PBXFileReference; explicitFileType = wrapper.application; includeInIndex = 0; path = "Bridge-iOS.app"; sourceTree = BUILT_PRODUCTS_DIR; };
		1AA8B40C26F32AF500C28E02 /* Bridge_iOSApp.swift */ = {isa = PBXFileReference; lastKnownFileType = sourcecode.swift; path = Bridge_iOSApp.swift; sourceTree = "<group>"; };
		1AA8B40E26F32AF500C28E02 /* TabContainer.swift */ = {isa = PBXFileReference; lastKnownFileType = sourcecode.swift; path = TabContainer.swift; sourceTree = "<group>"; };
		1AA8B41026F32AF800C28E02 /* Assets.xcassets */ = {isa = PBXFileReference; lastKnownFileType = folder.assetcatalog; path = Assets.xcassets; sourceTree = "<group>"; };
		1AA8B41326F32AF800C28E02 /* Preview Assets.xcassets */ = {isa = PBXFileReference; lastKnownFileType = folder.assetcatalog; path = "Preview Assets.xcassets"; sourceTree = "<group>"; };
		1AA8B41526F32AF800C28E02 /* Info.plist */ = {isa = PBXFileReference; lastKnownFileType = text.plist.xml; path = Info.plist; sourceTree = "<group>"; };
		1AA8B41C26F32E7D00C28E02 /* HomeView.swift */ = {isa = PBXFileReference; lastKnownFileType = sourcecode.swift; path = HomeView.swift; sourceTree = "<group>"; };
		1AA8B42026F32F1600C28E02 /* WritingView.swift */ = {isa = PBXFileReference; lastKnownFileType = sourcecode.swift; path = WritingView.swift; sourceTree = "<group>"; };
		1AA8B42226F32FB900C28E02 /* BoardView.swift */ = {isa = PBXFileReference; lastKnownFileType = sourcecode.swift; path = BoardView.swift; sourceTree = "<group>"; };
		1AA8B42426F3417400C28E02 /* LandingView.swift */ = {isa = PBXFileReference; lastKnownFileType = sourcecode.swift; path = LandingView.swift; sourceTree = "<group>"; };
		1AA8B42726F3485900C28E02 /* Color+Extension.swift */ = {isa = PBXFileReference; lastKnownFileType = sourcecode.swift; path = "Color+Extension.swift"; sourceTree = "<group>"; };
		1AA8B42926F348F100C28E02 /* SignUpView.swift */ = {isa = PBXFileReference; lastKnownFileType = sourcecode.swift; path = SignUpView.swift; sourceTree = "<group>"; };
		1AA8B42B26F3521B00C28E02 /* SignInView.swift */ = {isa = PBXFileReference; lastKnownFileType = sourcecode.swift; path = SignInView.swift; sourceTree = "<group>"; };
		1AA8B42D26F3598600C28E02 /* SignViewTextFieldStyle.swift */ = {isa = PBXFileReference; lastKnownFileType = sourcecode.swift; path = SignViewTextFieldStyle.swift; sourceTree = "<group>"; };
		1AA8B43126F35EF800C28E02 /* LocationPicker.swift */ = {isa = PBXFileReference; lastKnownFileType = sourcecode.swift; path = LocationPicker.swift; sourceTree = "<group>"; };
		1AA8B43426F3688200C28E02 /* TabContainerViewModel.swift */ = {isa = PBXFileReference; lastKnownFileType = sourcecode.swift; path = TabContainerViewModel.swift; sourceTree = "<group>"; };
		1AA8B43626F370CF00C28E02 /* NotificationView.swift */ = {isa = PBXFileReference; lastKnownFileType = sourcecode.swift; path = NotificationView.swift; sourceTree = "<group>"; };
		1ABDEA5226F3B9310031DF0B /* SubmitButtonStyle.swift */ = {isa = PBXFileReference; lastKnownFileType = sourcecode.swift; path = SubmitButtonStyle.swift; sourceTree = "<group>"; };
		1AD008642711F50B00CAAE5B /* UsedWritingView.swift */ = {isa = PBXFileReference; lastKnownFileType = sourcecode.swift; path = UsedWritingView.swift; sourceTree = "<group>"; };
		1ADD9DDB2703220F008342A7 /* SignInViewModel.swift */ = {isa = PBXFileReference; lastKnownFileType = sourcecode.swift; path = SignInViewModel.swift; sourceTree = "<group>"; };
		1ADD9DE3270325CC008342A7 /* SignIn+ResponseData.swift */ = {isa = PBXFileReference; lastKnownFileType = sourcecode.swift; path = "SignIn+ResponseData.swift"; sourceTree = "<group>"; };
		1ADD9DE527034B8A008342A7 /* HomeViewModel.swift */ = {isa = PBXFileReference; lastKnownFileType = sourcecode.swift; path = HomeViewModel.swift; sourceTree = "<group>"; };
		1ADD9DE727034C63008342A7 /* Home+ResponseData.swift */ = {isa = PBXFileReference; lastKnownFileType = sourcecode.swift; path = "Home+ResponseData.swift"; sourceTree = "<group>"; };
		1ADD9DEE27036BA6008342A7 /* ItemCardViewModel.swift */ = {isa = PBXFileReference; lastKnownFileType = sourcecode.swift; path = ItemCardViewModel.swift; sourceTree = "<group>"; };
		6D2B89D12713476A00319907 /* Board+ResponseData.swift */ = {isa = PBXFileReference; fileEncoding = 4; lastKnownFileType = sourcecode.swift; path = "Board+ResponseData.swift"; sourceTree = "<group>"; };
		6D2B89D32713477100319907 /* WantU+ResponseData.swift */ = {isa = PBXFileReference; fileEncoding = 4; lastKnownFileType = sourcecode.swift; path = "WantU+ResponseData.swift"; sourceTree = "<group>"; };
		6D2B89D52713477700319907 /* Comment+ResponseData.swift */ = {isa = PBXFileReference; fileEncoding = 4; lastKnownFileType = sourcecode.swift; path = "Comment+ResponseData.swift"; sourceTree = "<group>"; };
		6D2B89D72713477C00319907 /* PostInfo+ResponseData.swift */ = {isa = PBXFileReference; fileEncoding = 4; lastKnownFileType = sourcecode.swift; path = "PostInfo+ResponseData.swift"; sourceTree = "<group>"; };
		6D2B89D9271347D700319907 /* SpecialPostStyle.swift */ = {isa = PBXFileReference; fileEncoding = 4; lastKnownFileType = sourcecode.swift; path = SpecialPostStyle.swift; sourceTree = "<group>"; };
		6D2B89DA271347D700319907 /* CommentStyle.swift */ = {isa = PBXFileReference; fileEncoding = 4; lastKnownFileType = sourcecode.swift; path = CommentStyle.swift; sourceTree = "<group>"; };
		6D2B89DB271347D700319907 /* GeneralPostStyle.swift */ = {isa = PBXFileReference; fileEncoding = 4; lastKnownFileType = sourcecode.swift; path = GeneralPostStyle.swift; sourceTree = "<group>"; };
		6D2B89DF2713493200319907 /* PostInfoView.swift */ = {isa = PBXFileReference; fileEncoding = 4; lastKnownFileType = sourcecode.swift; path = PostInfoView.swift; sourceTree = "<group>"; };
		6D2B89E1271349B200319907 /* PostInfoViewModel.swift */ = {isa = PBXFileReference; fileEncoding = 4; lastKnownFileType = sourcecode.swift; path = PostInfoViewModel.swift; sourceTree = "<group>"; };
		6D2B89E2271349B200319907 /* CommentViewModel.swift */ = {isa = PBXFileReference; fileEncoding = 4; lastKnownFileType = sourcecode.swift; path = CommentViewModel.swift; sourceTree = "<group>"; };
		6D2B89E3271349B200319907 /* GeneralPostViewModel.swift */ = {isa = PBXFileReference; fileEncoding = 4; lastKnownFileType = sourcecode.swift; path = GeneralPostViewModel.swift; sourceTree = "<group>"; };
		6D2B89E4271349B200319907 /* WanUInfoViewModel.swift */ = {isa = PBXFileReference; fileEncoding = 4; lastKnownFileType = sourcecode.swift; path = WanUInfoViewModel.swift; sourceTree = "<group>"; };
		6D2B89E5271349B200319907 /* WantUViewModel.swift */ = {isa = PBXFileReference; fileEncoding = 4; lastKnownFileType = sourcecode.swift; path = WantUViewModel.swift; sourceTree = "<group>"; };
		6D2B89E6271349B200319907 /* BoardViewModel.swift */ = {isa = PBXFileReference; fileEncoding = 4; lastKnownFileType = sourcecode.swift; path = BoardViewModel.swift; sourceTree = "<group>"; };
		6D2B89ED2714038C00319907 /* WantUInfo+ResponseData.swift */ = {isa = PBXFileReference; lastKnownFileType = sourcecode.swift; path = "WantUInfo+ResponseData.swift"; sourceTree = "<group>"; };
		6D2B89EF271405CD00319907 /* WantUInfoView.swift */ = {isa = PBXFileReference; lastKnownFileType = sourcecode.swift; path = WantUInfoView.swift; sourceTree = "<group>"; };
		6D6BA4EC26F57BB10008B25E /* ItemCardStyle.swift */ = {isa = PBXFileReference; lastKnownFileType = sourcecode.swift; path = ItemCardStyle.swift; sourceTree = "<group>"; };
		6D6BA4EE26F590F90008B25E /* ListHeader.swift */ = {isa = PBXFileReference; lastKnownFileType = sourcecode.swift; path = ListHeader.swift; sourceTree = "<group>"; };
		6D6BA4F026F5A13A0008B25E /* SlideView.swift */ = {isa = PBXFileReference; lastKnownFileType = sourcecode.swift; path = SlideView.swift; sourceTree = "<group>"; };
		6DAD1F3A27041289006B01FC /* WritingViewModel.swift */ = {isa = PBXFileReference; lastKnownFileType = sourcecode.swift; path = WritingViewModel.swift; sourceTree = "<group>"; };
		6DAD1F3C270412D1006B01FC /* Writing+ResponseData.swift */ = {isa = PBXFileReference; lastKnownFileType = sourcecode.swift; path = "Writing+ResponseData.swift"; sourceTree = "<group>"; };
		6DAD1F3E270AC04F006B01FC /* ImagePicker.swift */ = {isa = PBXFileReference; lastKnownFileType = sourcecode.swift; path = ImagePicker.swift; sourceTree = "<group>"; };
		6DAD1F5127102843006B01FC /* SignUp+ResponseData.swift */ = {isa = PBXFileReference; lastKnownFileType = sourcecode.swift; path = "SignUp+ResponseData.swift"; sourceTree = "<group>"; };
		6DAD1F5327102873006B01FC /* SignUpViewModel.swift */ = {isa = PBXFileReference; lastKnownFileType = sourcecode.swift; path = SignUpViewModel.swift; sourceTree = "<group>"; };
		6DAD1F5527102918006B01FC /* SignUpAppendixView.swift */ = {isa = PBXFileReference; lastKnownFileType = sourcecode.swift; path = SignUpAppendixView.swift; sourceTree = "<group>"; };
		6DAD1F5927102985006B01FC /* SignUpVerifyView.swift */ = {isa = PBXFileReference; lastKnownFileType = sourcecode.swift; path = SignUpVerifyView.swift; sourceTree = "<group>"; };
/* End PBXFileReference section */

/* Begin PBXFrameworksBuildPhase section */
		1AA8B40626F32AF500C28E02 /* Frameworks */ = {
			isa = PBXFrameworksBuildPhase;
			buildActionMask = 2147483647;
			files = (
				1ADD9DEB270363A1008342A7 /* URLImage in Frameworks */,
				1ADD9DED270363A1008342A7 /* URLImageStore in Frameworks */,
				1ADD9DDF27032237008342A7 /* Alamofire in Frameworks */,
			);
			runOnlyForDeploymentPostprocessing = 0;
		};
/* End PBXFrameworksBuildPhase section */

/* Begin PBXGroup section */
		1AA8B40026F32AF500C28E02 = {
			isa = PBXGroup;
			children = (
				1AA8B40B26F32AF500C28E02 /* Bridge-iOS */,
				1AA8B40A26F32AF500C28E02 /* Products */,
			);
			sourceTree = "<group>";
		};
		1AA8B40A26F32AF500C28E02 /* Products */ = {
			isa = PBXGroup;
			children = (
				1AA8B40926F32AF500C28E02 /* Bridge-iOS.app */,
			);
			name = Products;
			sourceTree = "<group>";
		};
		1AA8B40B26F32AF500C28E02 /* Bridge-iOS */ = {
			isa = PBXGroup;
			children = (
				1AA8B40C26F32AF500C28E02 /* Bridge_iOSApp.swift */,
				1ADD9DE027032597008342A7 /* Models */,
				1AA8B42626F3484C00C28E02 /* Extensions */,
				1AA8B41B26F32B3A00C28E02 /* Views */,
				1AA8B43326F3685E00C28E02 /* ViewModels */,
				1AA8B41026F32AF800C28E02 /* Assets.xcassets */,
				1AA8B41526F32AF800C28E02 /* Info.plist */,
				1AA8B41226F32AF800C28E02 /* Preview Content */,
			);
			path = "Bridge-iOS";
			sourceTree = "<group>";
		};
		1AA8B41226F32AF800C28E02 /* Preview Content */ = {
			isa = PBXGroup;
			children = (
				1AA8B41326F32AF800C28E02 /* Preview Assets.xcassets */,
			);
			path = "Preview Content";
			sourceTree = "<group>";
		};
		1AA8B41B26F32B3A00C28E02 /* Views */ = {
			isa = PBXGroup;
			children = (
				1AA8B43026F35EE400C28E02 /* Components */,
				1AA8B42F26F35C5100C28E02 /* Styles */,
				1AA8B42426F3417400C28E02 /* LandingView.swift */,
				1AA8B40E26F32AF500C28E02 /* TabContainer.swift */,
				1AA8B42B26F3521B00C28E02 /* SignInView.swift */,
				1AA8B42926F348F100C28E02 /* SignUpView.swift */,
				6DAD1F5527102918006B01FC /* SignUpAppendixView.swift */,
				6DAD1F5927102985006B01FC /* SignUpVerifyView.swift */,
				1AA8B41C26F32E7D00C28E02 /* HomeView.swift */,
				1A572DDA270B6496009E2465 /* ItemInfoView.swift */,
				1AA8B42226F32FB900C28E02 /* BoardView.swift */,
				6D2B89DF2713493200319907 /* PostInfoView.swift */,
				6D2B89EF271405CD00319907 /* WantUInfoView.swift */,
				1AA8B42026F32F1600C28E02 /* WritingView.swift */,
				6D6BA4F026F5A13A0008B25E /* SlideView.swift */,
				1AD008642711F50B00CAAE5B /* UsedWritingView.swift */,
				1AA8B43626F370CF00C28E02 /* NotificationView.swift */,
			);
			path = Views;
			sourceTree = "<group>";
		};
		1AA8B42626F3484C00C28E02 /* Extensions */ = {
			isa = PBXGroup;
			children = (
				1AA8B42726F3485900C28E02 /* Color+Extension.swift */,
				1A98ADB42715D4E70093D519 /* String+Extension.swift */,
			);
			path = Extensions;
			sourceTree = "<group>";
		};
		1AA8B42F26F35C5100C28E02 /* Styles */ = {
			isa = PBXGroup;
			children = (
				1AA8B42D26F3598600C28E02 /* SignViewTextFieldStyle.swift */,
				1ABDEA5226F3B9310031DF0B /* SubmitButtonStyle.swift */,
				6D6BA4EC26F57BB10008B25E /* ItemCardStyle.swift */,
				6D2B89DA271347D700319907 /* CommentStyle.swift */,
				6D2B89DB271347D700319907 /* GeneralPostStyle.swift */,
				6D2B89D9271347D700319907 /* SpecialPostStyle.swift */,
			);
			path = Styles;
			sourceTree = "<group>";
		};
		1AA8B43026F35EE400C28E02 /* Components */ = {
			isa = PBXGroup;
			children = (
				1AA8B43126F35EF800C28E02 /* LocationPicker.swift */,
				6DAD1F3E270AC04F006B01FC /* ImagePicker.swift */,
				6D6BA4EE26F590F90008B25E /* ListHeader.swift */,
			);
			path = Components;
			sourceTree = "<group>";
		};
		1AA8B43326F3685E00C28E02 /* ViewModels */ = {
			isa = PBXGroup;
			children = (
				1AA8B43426F3688200C28E02 /* TabContainerViewModel.swift */,
				1ADD9DDB2703220F008342A7 /* SignInViewModel.swift */,
				1ADD9DE527034B8A008342A7 /* HomeViewModel.swift */,
				6DAD1F3A27041289006B01FC /* WritingViewModel.swift */,
				1A318F9027131A4C00ADF60E /* UsedWritingViewModel.swift */,
				1A572E0A270ECDC5009E2465 /* SlideViewModel.swift */,
				1ADD9DEE27036BA6008342A7 /* ItemCardViewModel.swift */,
				1A572DDC270B6629009E2465 /* ItemInfoViewModel.swift */,
				6DAD1F5327102873006B01FC /* SignUpViewModel.swift */,
				6D2B89E6271349B200319907 /* BoardViewModel.swift */,
				6D2B89E5271349B200319907 /* WantUViewModel.swift */,
				6D2B89E2271349B200319907 /* CommentViewModel.swift */,
				6D2B89E3271349B200319907 /* GeneralPostViewModel.swift */,
				6D2B89E1271349B200319907 /* PostInfoViewModel.swift */,
				6D2B89E4271349B200319907 /* WanUInfoViewModel.swift */,
			);
			path = ViewModels;
			sourceTree = "<group>";
		};
		1ADD9DE027032597008342A7 /* Models */ = {
			isa = PBXGroup;
			children = (
				1ADD9DE2270325B9008342A7 /* ResponseData */,
			);
			path = Models;
			sourceTree = "<group>";
		};
		1ADD9DE2270325B9008342A7 /* ResponseData */ = {
			isa = PBXGroup;
			children = (
				1ADD9DE3270325CC008342A7 /* SignIn+ResponseData.swift */,
				1ADD9DE727034C63008342A7 /* Home+ResponseData.swift */,
				6DAD1F3C270412D1006B01FC /* Writing+ResponseData.swift */,
				1A572DDE270B679E009E2465 /* ItemInfo+ResponseData.swift */,
				6DAD1F5127102843006B01FC /* SignUp+ResponseData.swift */,
				6D2B89D12713476A00319907 /* Board+ResponseData.swift */,
				6D2B89ED2714038C00319907 /* WantUInfo+ResponseData.swift */,
				6D2B89D72713477C00319907 /* PostInfo+ResponseData.swift */,
				6D2B89D32713477100319907 /* WantU+ResponseData.swift */,
				6D2B89D52713477700319907 /* Comment+ResponseData.swift */,
			);
			path = ResponseData;
			sourceTree = "<group>";
		};
/* End PBXGroup section */

/* Begin PBXNativeTarget section */
		1AA8B40826F32AF500C28E02 /* Bridge-iOS */ = {
			isa = PBXNativeTarget;
			buildConfigurationList = 1AA8B41826F32AF800C28E02 /* Build configuration list for PBXNativeTarget "Bridge-iOS" */;
			buildPhases = (
				1AA8B40526F32AF500C28E02 /* Sources */,
				1AA8B40626F32AF500C28E02 /* Frameworks */,
				1AA8B40726F32AF500C28E02 /* Resources */,
			);
			buildRules = (
			);
			dependencies = (
			);
			name = "Bridge-iOS";
			packageProductDependencies = (
				1ADD9DDE27032237008342A7 /* Alamofire */,
				1ADD9DEA270363A1008342A7 /* URLImage */,
				1ADD9DEC270363A1008342A7 /* URLImageStore */,
			);
			productName = "Bridge-iOS";
			productReference = 1AA8B40926F32AF500C28E02 /* Bridge-iOS.app */;
			productType = "com.apple.product-type.application";
		};
/* End PBXNativeTarget section */

/* Begin PBXProject section */
		1AA8B40126F32AF500C28E02 /* Project object */ = {
			isa = PBXProject;
			attributes = {
				LastSwiftUpdateCheck = 1250;
				LastUpgradeCheck = 1250;
				TargetAttributes = {
					1AA8B40826F32AF500C28E02 = {
						CreatedOnToolsVersion = 12.5.1;
					};
				};
			};
			buildConfigurationList = 1AA8B40426F32AF500C28E02 /* Build configuration list for PBXProject "Bridge-iOS" */;
			compatibilityVersion = "Xcode 9.3";
			developmentRegion = en;
			hasScannedForEncodings = 0;
			knownRegions = (
				en,
				Base,
			);
			mainGroup = 1AA8B40026F32AF500C28E02;
			packageReferences = (
				1ADD9DDD27032237008342A7 /* XCRemoteSwiftPackageReference "Alamofire" */,
				1ADD9DE9270363A0008342A7 /* XCRemoteSwiftPackageReference "url-image" */,
			);
			productRefGroup = 1AA8B40A26F32AF500C28E02 /* Products */;
			projectDirPath = "";
			projectRoot = "";
			targets = (
				1AA8B40826F32AF500C28E02 /* Bridge-iOS */,
			);
		};
/* End PBXProject section */

/* Begin PBXResourcesBuildPhase section */
		1AA8B40726F32AF500C28E02 /* Resources */ = {
			isa = PBXResourcesBuildPhase;
			buildActionMask = 2147483647;
			files = (
				1AA8B41426F32AF800C28E02 /* Preview Assets.xcassets in Resources */,
				1AA8B41126F32AF800C28E02 /* Assets.xcassets in Resources */,
			);
			runOnlyForDeploymentPostprocessing = 0;
		};
/* End PBXResourcesBuildPhase section */

/* Begin PBXSourcesBuildPhase section */
		1AA8B40526F32AF500C28E02 /* Sources */ = {
			isa = PBXSourcesBuildPhase;
			buildActionMask = 2147483647;
			files = (
				1A318F9127131A4D00ADF60E /* UsedWritingViewModel.swift in Sources */,
				1A572DDB270B6496009E2465 /* ItemInfoView.swift in Sources */,
				6D6BA4EF26F590F90008B25E /* ListHeader.swift in Sources */,
				6D6BA4F126F5A13A0008B25E /* SlideView.swift in Sources */,
				6DAD1F3F270AC04F006B01FC /* ImagePicker.swift in Sources */,
				1AD008652711F50B00CAAE5B /* UsedWritingView.swift in Sources */,
				1AA8B42C26F3521B00C28E02 /* SignInView.swift in Sources */,
				6D2B89DD271347D700319907 /* CommentStyle.swift in Sources */,
				1A572DDF270B679E009E2465 /* ItemInfo+ResponseData.swift in Sources */,
				6D2B89E9271349B200319907 /* GeneralPostViewModel.swift in Sources */,
				6D2B89EB271349B200319907 /* WantUViewModel.swift in Sources */,
				1ADD9DEF27036BA6008342A7 /* ItemCardViewModel.swift in Sources */,
				1ADD9DE627034B8A008342A7 /* HomeViewModel.swift in Sources */,
				6D2B89EC271349B200319907 /* BoardViewModel.swift in Sources */,
				6DAD1F5A27102985006B01FC /* SignUpVerifyView.swift in Sources */,
				6DAD1F5427102873006B01FC /* SignUpViewModel.swift in Sources */,
				6D2B89D62713477700319907 /* Comment+ResponseData.swift in Sources */,
				1ABDEA5326F3B9310031DF0B /* SubmitButtonStyle.swift in Sources */,
				1AA8B42E26F3598600C28E02 /* SignViewTextFieldStyle.swift in Sources */,
				1ADD9DE827034C63008342A7 /* Home+ResponseData.swift in Sources */,
				6D2B89D42713477100319907 /* WantU+ResponseData.swift in Sources */,
				6D2B89E8271349B200319907 /* CommentViewModel.swift in Sources */,
				6D2B89F0271405CD00319907 /* WantUInfoView.swift in Sources */,
				6D6BA4ED26F57BB10008B25E /* ItemCardStyle.swift in Sources */,
				1A572E0B270ECDC6009E2465 /* SlideViewModel.swift in Sources */,
				6D2B89DE271347D700319907 /* GeneralPostStyle.swift in Sources */,
				6D2B89D82713477C00319907 /* PostInfo+ResponseData.swift in Sources */,
				1AA8B42526F3417400C28E02 /* LandingView.swift in Sources */,
				1AA8B43726F370CF00C28E02 /* NotificationView.swift in Sources */,
				1ADD9DE4270325CC008342A7 /* SignIn+ResponseData.swift in Sources */,
				1AA8B42826F3485900C28E02 /* Color+Extension.swift in Sources */,
				1AA8B41D26F32E7E00C28E02 /* HomeView.swift in Sources */,
				1A98ADB52715D4E70093D519 /* String+Extension.swift in Sources */,
				1AA8B43226F35EF800C28E02 /* LocationPicker.swift in Sources */,
				1AA8B40F26F32AF500C28E02 /* TabContainer.swift in Sources */,
				6DAD1F5227102843006B01FC /* SignUp+ResponseData.swift in Sources */,
				1AA8B42A26F348F100C28E02 /* SignUpView.swift in Sources */,
				6D2B89EA271349B200319907 /* WanUInfoViewModel.swift in Sources */,
				1AA8B42326F32FB900C28E02 /* BoardView.swift in Sources */,
				1A572DDD270B6629009E2465 /* ItemInfoViewModel.swift in Sources */,
				1ADD9DDC2703220F008342A7 /* SignInViewModel.swift in Sources */,
				6DAD1F3B27041289006B01FC /* WritingViewModel.swift in Sources */,
				6D2B89DC271347D700319907 /* SpecialPostStyle.swift in Sources */,
				6D2B89E7271349B200319907 /* PostInfoViewModel.swift in Sources */,
				6D2B89EE2714038C00319907 /* WantUInfo+ResponseData.swift in Sources */,
				1AA8B40D26F32AF500C28E02 /* Bridge_iOSApp.swift in Sources */,
				6DAD1F3D270412D1006B01FC /* Writing+ResponseData.swift in Sources */,
				6DAD1F5627102918006B01FC /* SignUpAppendixView.swift in Sources */,
				1AA8B42126F32F1600C28E02 /* WritingView.swift in Sources */,
				1AA8B43526F3688200C28E02 /* TabContainerViewModel.swift in Sources */,
				6D2B89D22713476A00319907 /* Board+ResponseData.swift in Sources */,
				6D2B89E02713493200319907 /* PostInfoView.swift in Sources */,
			);
			runOnlyForDeploymentPostprocessing = 0;
		};
/* End PBXSourcesBuildPhase section */

/* Begin XCBuildConfiguration section */
		1AA8B41626F32AF800C28E02 /* Debug */ = {
			isa = XCBuildConfiguration;
			buildSettings = {
				ALWAYS_SEARCH_USER_PATHS = NO;
				CLANG_ANALYZER_NONNULL = YES;
				CLANG_ANALYZER_NUMBER_OBJECT_CONVERSION = YES_AGGRESSIVE;
				CLANG_CXX_LANGUAGE_STANDARD = "gnu++14";
				CLANG_CXX_LIBRARY = "libc++";
				CLANG_ENABLE_MODULES = YES;
				CLANG_ENABLE_OBJC_ARC = YES;
				CLANG_ENABLE_OBJC_WEAK = YES;
				CLANG_WARN_BLOCK_CAPTURE_AUTORELEASING = YES;
				CLANG_WARN_BOOL_CONVERSION = YES;
				CLANG_WARN_COMMA = YES;
				CLANG_WARN_CONSTANT_CONVERSION = YES;
				CLANG_WARN_DEPRECATED_OBJC_IMPLEMENTATIONS = YES;
				CLANG_WARN_DIRECT_OBJC_ISA_USAGE = YES_ERROR;
				CLANG_WARN_DOCUMENTATION_COMMENTS = YES;
				CLANG_WARN_EMPTY_BODY = YES;
				CLANG_WARN_ENUM_CONVERSION = YES;
				CLANG_WARN_INFINITE_RECURSION = YES;
				CLANG_WARN_INT_CONVERSION = YES;
				CLANG_WARN_NON_LITERAL_NULL_CONVERSION = YES;
				CLANG_WARN_OBJC_IMPLICIT_RETAIN_SELF = YES;
				CLANG_WARN_OBJC_LITERAL_CONVERSION = YES;
				CLANG_WARN_OBJC_ROOT_CLASS = YES_ERROR;
				CLANG_WARN_QUOTED_INCLUDE_IN_FRAMEWORK_HEADER = YES;
				CLANG_WARN_RANGE_LOOP_ANALYSIS = YES;
				CLANG_WARN_STRICT_PROTOTYPES = YES;
				CLANG_WARN_SUSPICIOUS_MOVE = YES;
				CLANG_WARN_UNGUARDED_AVAILABILITY = YES_AGGRESSIVE;
				CLANG_WARN_UNREACHABLE_CODE = YES;
				CLANG_WARN__DUPLICATE_METHOD_MATCH = YES;
				COPY_PHASE_STRIP = NO;
				DEBUG_INFORMATION_FORMAT = dwarf;
				ENABLE_STRICT_OBJC_MSGSEND = YES;
				ENABLE_TESTABILITY = YES;
				GCC_C_LANGUAGE_STANDARD = gnu11;
				GCC_DYNAMIC_NO_PIC = NO;
				GCC_NO_COMMON_BLOCKS = YES;
				GCC_OPTIMIZATION_LEVEL = 0;
				GCC_PREPROCESSOR_DEFINITIONS = (
					"DEBUG=1",
					"$(inherited)",
				);
				GCC_WARN_64_TO_32_BIT_CONVERSION = YES;
				GCC_WARN_ABOUT_RETURN_TYPE = YES_ERROR;
				GCC_WARN_UNDECLARED_SELECTOR = YES;
				GCC_WARN_UNINITIALIZED_AUTOS = YES_AGGRESSIVE;
				GCC_WARN_UNUSED_FUNCTION = YES;
				GCC_WARN_UNUSED_VARIABLE = YES;
				IPHONEOS_DEPLOYMENT_TARGET = 14.5;
				MTL_ENABLE_DEBUG_INFO = INCLUDE_SOURCE;
				MTL_FAST_MATH = YES;
				ONLY_ACTIVE_ARCH = YES;
				SDKROOT = iphoneos;
				SWIFT_ACTIVE_COMPILATION_CONDITIONS = DEBUG;
				SWIFT_OPTIMIZATION_LEVEL = "-Onone";
			};
			name = Debug;
		};
		1AA8B41726F32AF800C28E02 /* Release */ = {
			isa = XCBuildConfiguration;
			buildSettings = {
				ALWAYS_SEARCH_USER_PATHS = NO;
				CLANG_ANALYZER_NONNULL = YES;
				CLANG_ANALYZER_NUMBER_OBJECT_CONVERSION = YES_AGGRESSIVE;
				CLANG_CXX_LANGUAGE_STANDARD = "gnu++14";
				CLANG_CXX_LIBRARY = "libc++";
				CLANG_ENABLE_MODULES = YES;
				CLANG_ENABLE_OBJC_ARC = YES;
				CLANG_ENABLE_OBJC_WEAK = YES;
				CLANG_WARN_BLOCK_CAPTURE_AUTORELEASING = YES;
				CLANG_WARN_BOOL_CONVERSION = YES;
				CLANG_WARN_COMMA = YES;
				CLANG_WARN_CONSTANT_CONVERSION = YES;
				CLANG_WARN_DEPRECATED_OBJC_IMPLEMENTATIONS = YES;
				CLANG_WARN_DIRECT_OBJC_ISA_USAGE = YES_ERROR;
				CLANG_WARN_DOCUMENTATION_COMMENTS = YES;
				CLANG_WARN_EMPTY_BODY = YES;
				CLANG_WARN_ENUM_CONVERSION = YES;
				CLANG_WARN_INFINITE_RECURSION = YES;
				CLANG_WARN_INT_CONVERSION = YES;
				CLANG_WARN_NON_LITERAL_NULL_CONVERSION = YES;
				CLANG_WARN_OBJC_IMPLICIT_RETAIN_SELF = YES;
				CLANG_WARN_OBJC_LITERAL_CONVERSION = YES;
				CLANG_WARN_OBJC_ROOT_CLASS = YES_ERROR;
				CLANG_WARN_QUOTED_INCLUDE_IN_FRAMEWORK_HEADER = YES;
				CLANG_WARN_RANGE_LOOP_ANALYSIS = YES;
				CLANG_WARN_STRICT_PROTOTYPES = YES;
				CLANG_WARN_SUSPICIOUS_MOVE = YES;
				CLANG_WARN_UNGUARDED_AVAILABILITY = YES_AGGRESSIVE;
				CLANG_WARN_UNREACHABLE_CODE = YES;
				CLANG_WARN__DUPLICATE_METHOD_MATCH = YES;
				COPY_PHASE_STRIP = NO;
				DEBUG_INFORMATION_FORMAT = "dwarf-with-dsym";
				ENABLE_NS_ASSERTIONS = NO;
				ENABLE_STRICT_OBJC_MSGSEND = YES;
				GCC_C_LANGUAGE_STANDARD = gnu11;
				GCC_NO_COMMON_BLOCKS = YES;
				GCC_WARN_64_TO_32_BIT_CONVERSION = YES;
				GCC_WARN_ABOUT_RETURN_TYPE = YES_ERROR;
				GCC_WARN_UNDECLARED_SELECTOR = YES;
				GCC_WARN_UNINITIALIZED_AUTOS = YES_AGGRESSIVE;
				GCC_WARN_UNUSED_FUNCTION = YES;
				GCC_WARN_UNUSED_VARIABLE = YES;
				IPHONEOS_DEPLOYMENT_TARGET = 14.5;
				MTL_ENABLE_DEBUG_INFO = NO;
				MTL_FAST_MATH = YES;
				SDKROOT = iphoneos;
				SWIFT_COMPILATION_MODE = wholemodule;
				SWIFT_OPTIMIZATION_LEVEL = "-O";
				VALIDATE_PRODUCT = YES;
			};
			name = Release;
		};
		1AA8B41926F32AF800C28E02 /* Debug */ = {
			isa = XCBuildConfiguration;
			buildSettings = {
				ASSETCATALOG_COMPILER_APPICON_NAME = AppIcon;
				ASSETCATALOG_COMPILER_GLOBAL_ACCENT_COLOR_NAME = AccentColor;
				CODE_SIGN_STYLE = Automatic;
				DEVELOPMENT_ASSET_PATHS = "\"Bridge-iOS/Preview Content\"";
				DEVELOPMENT_TEAM = ZKRH5N6RGG;
				ENABLE_PREVIEWS = YES;
				INFOPLIST_FILE = "Bridge-iOS/Info.plist";
				IPHONEOS_DEPLOYMENT_TARGET = 14.0;
				LD_RUNPATH_SEARCH_PATHS = (
					"$(inherited)",
					"@executable_path/Frameworks",
				);
				PRODUCT_BUNDLE_IDENTIFIER = "com.bridge.2021.Bridge-iOS";
				PRODUCT_NAME = "$(TARGET_NAME)";
				SWIFT_VERSION = 5.0;
				TARGETED_DEVICE_FAMILY = "1,2";
			};
			name = Debug;
		};
		1AA8B41A26F32AF800C28E02 /* Release */ = {
			isa = XCBuildConfiguration;
			buildSettings = {
				ASSETCATALOG_COMPILER_APPICON_NAME = AppIcon;
				ASSETCATALOG_COMPILER_GLOBAL_ACCENT_COLOR_NAME = AccentColor;
				CODE_SIGN_STYLE = Automatic;
				DEVELOPMENT_ASSET_PATHS = "\"Bridge-iOS/Preview Content\"";
				DEVELOPMENT_TEAM = ZKRH5N6RGG;
				ENABLE_PREVIEWS = YES;
				INFOPLIST_FILE = "Bridge-iOS/Info.plist";
				IPHONEOS_DEPLOYMENT_TARGET = 14.0;
				LD_RUNPATH_SEARCH_PATHS = (
					"$(inherited)",
					"@executable_path/Frameworks",
				);
				PRODUCT_BUNDLE_IDENTIFIER = "com.bridge.2021.Bridge-iOS";
				PRODUCT_NAME = "$(TARGET_NAME)";
				SWIFT_VERSION = 5.0;
				TARGETED_DEVICE_FAMILY = "1,2";
			};
			name = Release;
		};
/* End XCBuildConfiguration section */

/* Begin XCConfigurationList section */
		1AA8B40426F32AF500C28E02 /* Build configuration list for PBXProject "Bridge-iOS" */ = {
			isa = XCConfigurationList;
			buildConfigurations = (
				1AA8B41626F32AF800C28E02 /* Debug */,
				1AA8B41726F32AF800C28E02 /* Release */,
			);
			defaultConfigurationIsVisible = 0;
			defaultConfigurationName = Release;
		};
		1AA8B41826F32AF800C28E02 /* Build configuration list for PBXNativeTarget "Bridge-iOS" */ = {
			isa = XCConfigurationList;
			buildConfigurations = (
				1AA8B41926F32AF800C28E02 /* Debug */,
				1AA8B41A26F32AF800C28E02 /* Release */,
			);
			defaultConfigurationIsVisible = 0;
			defaultConfigurationName = Release;
		};
/* End XCConfigurationList section */

/* Begin XCRemoteSwiftPackageReference section */
		1ADD9DDD27032237008342A7 /* XCRemoteSwiftPackageReference "Alamofire" */ = {
			isa = XCRemoteSwiftPackageReference;
			repositoryURL = "https://github.com/Alamofire/Alamofire.git";
			requirement = {
				kind = upToNextMajorVersion;
				minimumVersion = 5.0.0;
			};
		};
		1ADD9DE9270363A0008342A7 /* XCRemoteSwiftPackageReference "url-image" */ = {
			isa = XCRemoteSwiftPackageReference;
			repositoryURL = "https://github.com/dmytro-anokhin/url-image";
			requirement = {
				kind = upToNextMajorVersion;
				minimumVersion = 3.0.0;
			};
		};
/* End XCRemoteSwiftPackageReference section */

/* Begin XCSwiftPackageProductDependency section */
		1ADD9DDE27032237008342A7 /* Alamofire */ = {
			isa = XCSwiftPackageProductDependency;
			package = 1ADD9DDD27032237008342A7 /* XCRemoteSwiftPackageReference "Alamofire" */;
			productName = Alamofire;
		};
		1ADD9DEA270363A1008342A7 /* URLImage */ = {
			isa = XCSwiftPackageProductDependency;
			package = 1ADD9DE9270363A0008342A7 /* XCRemoteSwiftPackageReference "url-image" */;
			productName = URLImage;
		};
		1ADD9DEC270363A1008342A7 /* URLImageStore */ = {
			isa = XCSwiftPackageProductDependency;
			package = 1ADD9DE9270363A0008342A7 /* XCRemoteSwiftPackageReference "url-image" */;
			productName = URLImageStore;
		};
/* End XCSwiftPackageProductDependency section */
	};
	rootObject = 1AA8B40126F32AF500C28E02 /* Project object */;
}
